// !$*UTF8*$!
{
	archiveVersion = 1;
	classes = {
	};
	objectVersion = 46;
	objects = {

/* Begin PBXBuildFile section */
		EB795BC21C07FDB4001E8C81 /* AppDelegate.swift in Sources */ = {isa = PBXBuildFile; fileRef = EB795BC11C07FDB4001E8C81 /* AppDelegate.swift */; };
		EB795BC41C07FDB4001E8C81 /* ViewController.swift in Sources */ = {isa = PBXBuildFile; fileRef = EB795BC31C07FDB4001E8C81 /* ViewController.swift */; };
		EB795BC71C07FDB4001E8C81 /* Main.storyboard in Resources */ = {isa = PBXBuildFile; fileRef = EB795BC51C07FDB4001E8C81 /* Main.storyboard */; };
		EB795BC91C07FDB4001E8C81 /* Assets.xcassets in Resources */ = {isa = PBXBuildFile; fileRef = EB795BC81C07FDB4001E8C81 /* Assets.xcassets */; };
		EB795BCC1C07FDB4001E8C81 /* LaunchScreen.storyboard in Resources */ = {isa = PBXBuildFile; fileRef = EB795BCA1C07FDB4001E8C81 /* LaunchScreen.storyboard */; };
/* End PBXBuildFile section */

/* Begin PBXFileReference section */
		EB795BBE1C07FDB4001E8C81 /* Read.app */ = {isa = PBXFileReference; explicitFileType = wrapper.application; includeInIndex = 0; path = Read.app; sourceTree = BUILT_PRODUCTS_DIR; };
		EB795BC11C07FDB4001E8C81 /* AppDelegate.swift */ = {isa = PBXFileReference; lastKnownFileType = sourcecode.swift; path = AppDelegate.swift; sourceTree = "<group>"; };
		EB795BC31C07FDB4001E8C81 /* ViewController.swift */ = {isa = PBXFileReference; lastKnownFileType = sourcecode.swift; path = ViewController.swift; sourceTree = "<group>"; };
		EB795BC61C07FDB4001E8C81 /* Base */ = {isa = PBXFileReference; lastKnownFileType = file.storyboard; name = Base; path = Base.lproj/Main.storyboard; sourceTree = "<group>"; };
		EB795BC81C07FDB4001E8C81 /* Assets.xcassets */ = {isa = PBXFileReference; lastKnownFileType = folder.assetcatalog; path = Assets.xcassets; sourceTree = "<group>"; };
		EB795BCB1C07FDB4001E8C81 /* Base */ = {isa = PBXFileReference; lastKnownFileType = file.storyboard; name = Base; path = Base.lproj/LaunchScreen.storyboard; sourceTree = "<group>"; };
		EB795BCD1C07FDB4001E8C81 /* Info.plist */ = {isa = PBXFileReference; lastKnownFileType = text.plist.xml; path = Info.plist; sourceTree = "<group>"; };
/* End PBXFileReference section */

/* Begin PBXFrameworksBuildPhase section */
		EB795BBB1C07FDB4001E8C81 /* Frameworks */ = {
			isa = PBXFrameworksBuildPhase;
			buildActionMask = 2147483647;
			files = (
			);
			runOnlyForDeploymentPostprocessing = 0;
		};
/* End PBXFrameworksBuildPhase section */

/* Begin PBXGroup section */
		EB795BB51C07FDB4001E8C81 = {
			isa = PBXGroup;
			children = (
				EB795BC01C07FDB4001E8C81 /* Read */,
				EB795BBF1C07FDB4001E8C81 /* Products */,
			);
			sourceTree = "<group>";
		};
		EB795BBF1C07FDB4001E8C81 /* Products */ = {
			isa = PBXGroup;
			children = (
				EB795BBE1C07FDB4001E8C81 /* Read.app */,
			);
			name = Products;
			sourceTree = "<group>";
		};
		EB795BC01C07FDB4001E8C81 /* Read */ = {
			isa = PBXGroup;
			children = (
				EB795BC11C07FDB4001E8C81 /* AppDelegate.swift */,
				EB795BC31C07FDB4001E8C81 /* ViewController.swift */,
				EB795BC51C07FDB4001E8C81 /* Main.storyboard */,
				EB795BC81C07FDB4001E8C81 /* Assets.xcassets */,
				EB795BCA1C07FDB4001E8C81 /* LaunchScreen.storyboard */,
				EB795BCD1C07FDB4001E8C81 /* Info.plist */,
			);
			path = Read;
			sourceTree = "<group>";
		};
/* End PBXGroup section */

/* Begin PBXNativeTarget section */
		EB795BBD1C07FDB4001E8C81 /* Read */ = {
			isa = PBXNativeTarget;
			buildConfigurationList = EB795BD01C07FDB4001E8C81 /* Build configuration list for PBXNativeTarget "Read" */;
			buildPhases = (
				EB795BBA1C07FDB4001E8C81 /* Sources */,
				EB795BBB1C07FDB4001E8C81 /* Frameworks */,
				EB795BBC1C07FDB4001E8C81 /* Resources */,
			);
			buildRules = (
			);
			dependencies = (
			);
			name = Read;
			productName = Read;
			productReference = EB795BBE1C07FDB4001E8C81 /* Read.app */;
			productType = "com.apple.product-type.application";
		};
/* End PBXNativeTarget section */

/* Begin PBXProject section */
		EB795BB61C07FDB4001E8C81 /* Project object */ = {
			isa = PBXProject;
			attributes = {
				LastSwiftUpdateCheck = 0710;
				LastUpgradeCheck = 0710;
				ORGANIZATIONNAME = zikong;
				TargetAttributes = {
					EB795BBD1C07FDB4001E8C81 = {
						CreatedOnToolsVersion = 7.1.1;
					};
				};
			};
			buildConfigurationList = EB795BB91C07FDB4001E8C81 /* Build configuration list for PBXProject "Read" */;
			compatibilityVersion = "Xcode 3.2";
			developmentRegion = English;
			hasScannedForEncodings = 0;
			knownRegions = (
				en,
				Base,
			);
			mainGroup = EB795BB51C07FDB4001E8C81;
			productRefGroup = EB795BBF1C07FDB4001E8C81 /* Products */;
			projectDirPath = "";
			projectRoot = "";
			targets = (
				EB795BBD1C07FDB4001E8C81 /* Read */,
			);
		};
/* End PBXProject section */

/* Begin PBXResourcesBuildPhase section */
		EB795BBC1C07FDB4001E8C81 /* Resources */ = {
			isa = PBXResourcesBuildPhase;
			buildActionMask = 2147483647;
			files = (
				EB795BCC1C07FDB4001E8C81 /* LaunchScreen.storyboard in Resources */,
				EB795BC91C07FDB4001E8C81 /* Assets.xcassets in Resources */,
				EB795BC71C07FDB4001E8C81 /* Main.storyboard in Resources */,
			);
			runOnlyForDeploymentPostprocessing = 0;
		};
/* End PBXResourcesBuildPhase section */

/* Begin PBXSourcesBuildPhase section */
		EB795BBA1C07FDB4001E8C81 /* Sources */ = {
			isa = PBXSourcesBuildPhase;
			buildActionMask = 2147483647;
			files = (
				EB795BC41C07FDB4001E8C81 /* ViewController.swift in Sources */,
				EB795BC21C07FDB4001E8C81 /* AppDelegate.swift in Sources */,
			);
			runOnlyForDeploymentPostprocessing = 0;
		};
/* End PBXSourcesBuildPhase section */

/* Begin PBXVariantGroup section */
		EB795BC51C07FDB4001E8C81 /* Main.storyboard */ = {
			isa = PBXVariantGroup;
			children = (
				EB795BC61C07FDB4001E8C81 /* Base */,
			);
			name = Main.storyboard;
			sourceTree = "<group>";
		};
		EB795BCA1C07FDB4001E8C81 /* LaunchScreen.storyboard */ = {
			isa = PBXVariantGroup;
			children = (
				EB795BCB1C07FDB4001E8C81 /* Base */,
			);
			name = LaunchScreen.storyboard;
			sourceTree = "<group>";
		};
/* End PBXVariantGroup section */

/* Begin XCBuildConfiguration section */
		EB795BCE1C07FDB4001E8C81 /* Debug */ = {
			isa = XCBuildConfiguration;
			buildSettings = {
				ALWAYS_SEARCH_USER_PATHS = NO;
				CLANG_CXX_LANGUAGE_STANDARD = "gnu++0x";
				CLANG_CXX_LIBRARY = "libc++";
				CLANG_ENABLE_MODULES = YES;
				CLANG_ENABLE_OBJC_ARC = YES;
				CLANG_WARN_BOOL_CONVERSION = YES;
				CLANG_WARN_CONSTANT_CONVERSION = YES;
				CLANG_WARN_DIRECT_OBJC_ISA_USAGE = YES_ERROR;
				CLANG_WARN_EMPTY_BODY = YES;
				CLANG_WARN_ENUM_CONVERSION = YES;
				CLANG_WARN_INT_CONVERSION = YES;
				CLANG_WARN_OBJC_ROOT_CLASS = YES_ERROR;
				CLANG_WARN_UNREACHABLE_CODE = YES;
				CLANG_WARN__DUPLICATE_METHOD_MATCH = YES;
				"CODE_SIGN_IDENTITY[sdk=iphoneos*]" = "iPhone Developer";
				COPY_PHASE_STRIP = NO;
				DEBUG_INFORMATION_FORMAT = dwarf;
				ENABLE_STRICT_OBJC_MSGSEND = YES;
				ENABLE_TESTABILITY = YES;
				GCC_C_LANGUAGE_STANDARD = gnu99;
				GCC_DYNAMIC_NO_PIC = NO;
				GCC_NO_COMMON_BLOCKS = YES;
				GCC_OPTIMIZATION_LEVEL = 0;
				GCC_PREPROCESSOR_DEFINITIONS = (
					"DEBUG=1",
					"$(inherited)",
				);
				GCC_WARN_64_TO_32_BIT_CONVERSION = YES;
				GCC_WARN_ABOUT_RETURN_TYPE = YES_ERROR;
				GCC_WARN_UNDECLARED_SELECTOR = YES;
				GCC_WARN_UNINITIALIZED_AUTOS = YES_AGGRESSIVE;
				GCC_WARN_UNUSED_FUNCTION = YES;
				GCC_WARN_UNUSED_VARIABLE = YES;
				IPHONEOS_DEPLOYMENT_TARGET = 9.1;
				MTL_ENABLE_DEBUG_INFO = YES;
				ONLY_ACTIVE_ARCH = YES;
				SDKROOT = iphoneos;
				SWIFT_OPTIMIZATION_LEVEL = "-Onone";
			};
			name = Debug;
		};
		EB795BCF1C07FDB4001E8C81 /* Release */ = {
			isa = XCBuildConfiguration;
			buildSettings = {
				ALWAYS_SEARCH_USER_PATHS = NO;
				CLANG_CXX_LANGUAGE_STANDARD = "gnu++0x";
				CLANG_CXX_LIBRARY = "libc++";
				CLANG_ENABLE_MODULES = YES;
				CLANG_ENABLE_OBJC_ARC = YES;
				CLANG_WARN_BOOL_CONVERSION = YES;
				CLANG_WARN_CONSTANT_CONVERSION = YES;
				CLANG_WARN_DIRECT_OBJC_ISA_USAGE = YES_ERROR;
				CLANG_WARN_EMPTY_BODY = YES;
				CLANG_WARN_ENUM_CONVERSION = YES;
				CLANG_WARN_INT_CONVERSION = YES;
				CLANG_WARN_OBJC_ROOT_CLASS = YES_ERROR;
				CLANG_WARN_UNREACHABLE_CODE = YES;
				CLANG_WARN__DUPLICATE_METHOD_MATCH = YES;
				"CODE_SIGN_IDENTITY[sdk=iphoneos*]" = "iPhone Developer";
				COPY_PHASE_STRIP = NO;
				DEBUG_INFORMATION_FORMAT = "dwarf-with-dsym";
				ENABLE_NS_ASSERTIONS = NO;
				ENABLE_STRICT_OBJC_MSGSEND = YES;
				GCC_C_LANGUAGE_STANDARD = gnu99;
				GCC_NO_COMMON_BLOCKS = YES;
				GCC_WARN_64_TO_32_BIT_CONVERSION = YES;
				GCC_WARN_ABOUT_RETURN_TYPE = YES_ERROR;
				GCC_WARN_UNDECLARED_SELECTOR = YES;
				GCC_WARN_UNINITIALIZED_AUTOS = YES_AGGRESSIVE;
				GCC_WARN_UNUSED_FUNCTION = YES;
				GCC_WARN_UNUSED_VARIABLE = YES;
				IPHONEOS_DEPLOYMENT_TARGET = 9.1;
				MTL_ENABLE_DEBUG_INFO = NO;
				SDKROOT = iphoneos;
				VALIDATE_PRODUCT = YES;
			};
			name = Release;
		};
		EB795BD11C07FDB4001E8C81 /* Debug */ = {
			isa = XCBuildConfiguration;
			buildSettings = {
				ASSETCATALOG_COMPILER_APPICON_NAME = AppIcon;
				INFOPLIST_FILE = Read/Info.plist;
				LD_RUNPATH_SEARCH_PATHS = "$(inherited) @executable_path/Frameworks";
				PRODUCT_BUNDLE_IDENTIFIER = com.zikong.Read;
				PRODUCT_NAME = "$(TARGET_NAME)";
			};
			name = Debug;
		};
		EB795BD21C07FDB4001E8C81 /* Release */ = {
			isa = XCBuildConfiguration;
			buildSettings = {
				ASSETCATALOG_COMPILER_APPICON_NAME = AppIcon;
				INFOPLIST_FILE = Read/Info.plist;
				LD_RUNPATH_SEARCH_PATHS = "$(inherited) @executable_path/Frameworks";
				PRODUCT_BUNDLE_IDENTIFIER = com.zikong.Read;
				PRODUCT_NAME = "$(TARGET_NAME)";
			};
			name = Release;
		};
/* End XCBuildConfiguration section */

/* Begin XCConfigurationList section */
		EB795BB91C07FDB4001E8C81 /* Build configuration list for PBXProject "Read" */ = {
			isa = XCConfigurationList;
			buildConfigurations = (
				EB795BCE1C07FDB4001E8C81 /* Debug */,
				EB795BCF1C07FDB4001E8C81 /* Release */,
			);
			defaultConfigurationIsVisible = 0;
			defaultConfigurationName = Release;
		};
		EB795BD01C07FDB4001E8C81 /* Build configuration list for PBXNativeTarget "Read" */ = {
			isa = XCConfigurationList;
			buildConfigurations = (
				EB795BD11C07FDB4001E8C81 /* Debug */,
				EB795BD21C07FDB4001E8C81 /* Release */,
			);
			defaultConfigurationIsVisible = 0;
		};
/* End XCConfigurationList section */
	};
	rootObject = EB795BB61C07FDB4001E8C81 /* Project object */;
}
